lockfileVersion: '6.0'

settings:
  autoInstallPeers: true
  excludeLinksFromLockfile: false

dependencies:
  swiper:
    specifier: ^11.0.6
    version: 11.0.6

packages:

  /swiper@11.0.6:
    resolution: {integrity: sha512-W/Me7MQl5rNgdM5x9i3Gll76WsyVpnHn91GhBOyL7RCFUeg62aVnflzlVfIpXzZ/87FtJOfAoDH79ZH2Yq76zA==}
    engines: {node: '>= 4.7.0'}
    dev: false
